
Microsoft Visual Studio Solution File, Format Version 12.00
# Visual Studio 14
VisualStudioVersion = 14.0.24720.0
MinimumVisualStudioVersion = 10.0.40219.1
Project("{FAE04EC0-301F-11D3-BF4B-00C04F79EFBC}") = "TreeGUI4", "TreeGUI4.csproj", "{88073E18-BA9E-4DDA-BDA6-7F285D0DC656}"
EndProject
Project("{FAE04EC0-301F-11D3-BF4B-00C04F79EFBC}") = "TreeLib", "..\TreeLib\TreeLib.csproj", "{567A8492-8BF1-4C4B-88CB-4CE1D2CDFF65}"
EndProject
Project("{FAE04EC0-301F-11D3-BF4B-00C04F79EFBC}") = "TreeGUISvc", "..\TreeGUISvc\TreeGUISvc.csproj", "{EA6DF3D9-6DAC-4104-BF14-059DC9E9AA8A}"
EndProject
Project("{FAE04EC0-301F-11D3-BF4B-00C04F79EFBC}") = "ShareX.IndexerLib", "..\ShareX.IndexerLib\ShareX.IndexerLib.csproj", "{750C6F46-2C5A-4488-81D3-3B35CA50F3EE}"
EndProject
Project("{FAE04EC0-301F-11D3-BF4B-00C04F79EFBC}") = "HelpersLib", "..\..\..\UwpHelpersLib\HelpersLib.csproj", "{11503B8F-5D23-414A-83AC-30D8EDDC8135}"
EndProject
Global
	GlobalSection(SolutionConfigurationPlatforms) = preSolution
		Debug|Any CPU = Debug|Any CPU
		Debug|ARM = Debug|ARM
		Debug|x64 = Debug|x64
		Debug|x86 = Debug|x86
		Release|Any CPU = Release|Any CPU
		Release|ARM = Release|ARM
		Release|x64 = Release|x64
		Release|x86 = Release|x86
		Steam|Any CPU = Steam|Any CPU
		Steam|ARM = Steam|ARM
		Steam|x64 = Steam|x64
		Steam|x86 = Steam|x86
	EndGlobalSection
	GlobalSection(ProjectConfigurationPlatforms) = postSolution
		{88073E18-BA9E-4DDA-BDA6-7F285D0DC656}.Debug|Any CPU.ActiveCfg = Debug|x86
		{88073E18-BA9E-4DDA-BDA6-7F285D0DC656}.Debug|ARM.ActiveCfg = Debug|ARM
		{88073E18-BA9E-4DDA-BDA6-7F285D0DC656}.Debug|ARM.Build.0 = Debug|ARM
		{88073E18-BA9E-4DDA-BDA6-7F285D0DC656}.Debug|ARM.Deploy.0 = Debug|ARM
		{88073E18-BA9E-4DDA-BDA6-7F285D0DC656}.Debug|x64.ActiveCfg = Debug|x64
		{88073E18-BA9E-4DDA-BDA6-7F285D0DC656}.Debug|x64.Build.0 = Debug|x64
		{88073E18-BA9E-4DDA-BDA6-7F285D0DC656}.Debug|x64.Deploy.0 = Debug|x64
		{88073E18-BA9E-4DDA-BDA6-7F285D0DC656}.Debug|x86.ActiveCfg = Debug|x86
		{88073E18-BA9E-4DDA-BDA6-7F285D0DC656}.Debug|x86.Build.0 = Debug|x86
		{88073E18-BA9E-4DDA-BDA6-7F285D0DC656}.Debug|x86.Deploy.0 = Debug|x86
		{88073E18-BA9E-4DDA-BDA6-7F285D0DC656}.Release|Any CPU.ActiveCfg = Release|x86
		{88073E18-BA9E-4DDA-BDA6-7F285D0DC656}.Release|ARM.ActiveCfg = Release|ARM
		{88073E18-BA9E-4DDA-BDA6-7F285D0DC656}.Release|ARM.Build.0 = Release|ARM
		{88073E18-BA9E-4DDA-BDA6-7F285D0DC656}.Release|ARM.Deploy.0 = Release|ARM
		{88073E18-BA9E-4DDA-BDA6-7F285D0DC656}.Release|x64.ActiveCfg = Release|x64
		{88073E18-BA9E-4DDA-BDA6-7F285D0DC656}.Release|x64.Build.0 = Release|x64
		{88073E18-BA9E-4DDA-BDA6-7F285D0DC656}.Release|x64.Deploy.0 = Release|x64
		{88073E18-BA9E-4DDA-BDA6-7F285D0DC656}.Release|x86.ActiveCfg = Release|x86
		{88073E18-BA9E-4DDA-BDA6-7F285D0DC656}.Release|x86.Build.0 = Release|x86
		{88073E18-BA9E-4DDA-BDA6-7F285D0DC656}.Release|x86.Deploy.0 = Release|x86
		{88073E18-BA9E-4DDA-BDA6-7F285D0DC656}.Steam|Any CPU.ActiveCfg = Release|x86
		{88073E18-BA9E-4DDA-BDA6-7F285D0DC656}.Steam|Any CPU.Build.0 = Release|x86
		{88073E18-BA9E-4DDA-BDA6-7F285D0DC656}.Steam|Any CPU.Deploy.0 = Release|x86
		{88073E18-BA9E-4DDA-BDA6-7F285D0DC656}.Steam|ARM.ActiveCfg = Release|ARM
		{88073E18-BA9E-4DDA-BDA6-7F285D0DC656}.Steam|ARM.Build.0 = Release|ARM
		{88073E18-BA9E-4DDA-BDA6-7F285D0DC656}.Steam|ARM.Deploy.0 = Release|ARM
		{88073E18-BA9E-4DDA-BDA6-7F285D0DC656}.Steam|x64.ActiveCfg = Release|x64
		{88073E18-BA9E-4DDA-BDA6-7F285D0DC656}.Steam|x64.Build.0 = Release|x64
		{88073E18-BA9E-4DDA-BDA6-7F285D0DC656}.Steam|x64.Deploy.0 = Release|x64
		{88073E18-BA9E-4DDA-BDA6-7F285D0DC656}.Steam|x86.ActiveCfg = Release|x86
		{88073E18-BA9E-4DDA-BDA6-7F285D0DC656}.Steam|x86.Build.0 = Release|x86
		{88073E18-BA9E-4DDA-BDA6-7F285D0DC656}.Steam|x86.Deploy.0 = Release|x86
		{567A8492-8BF1-4C4B-88CB-4CE1D2CDFF65}.Debug|Any CPU.ActiveCfg = Debug|Any CPU
		{567A8492-8BF1-4C4B-88CB-4CE1D2CDFF65}.Debug|Any CPU.Build.0 = Debug|Any CPU
		{567A8492-8BF1-4C4B-88CB-4CE1D2CDFF65}.Debug|ARM.ActiveCfg = Debug|Any CPU
		{567A8492-8BF1-4C4B-88CB-4CE1D2CDFF65}.Debug|ARM.Build.0 = Debug|Any CPU
		{567A8492-8BF1-4C4B-88CB-4CE1D2CDFF65}.Debug|x64.ActiveCfg = Debug|Any CPU
		{567A8492-8BF1-4C4B-88CB-4CE1D2CDFF65}.Debug|x64.Build.0 = Debug|Any CPU
		{567A8492-8BF1-4C4B-88CB-4CE1D2CDFF65}.Debug|x86.ActiveCfg = Debug|Any CPU
		{567A8492-8BF1-4C4B-88CB-4CE1D2CDFF65}.Debug|x86.Build.0 = Debug|Any CPU
		{567A8492-8BF1-4C4B-88CB-4CE1D2CDFF65}.Release|Any CPU.ActiveCfg = Release|Any CPU
		{567A8492-8BF1-4C4B-88CB-4CE1D2CDFF65}.Release|Any CPU.Build.0 = Release|Any CPU
		{567A8492-8BF1-4C4B-88CB-4CE1D2CDFF65}.Release|ARM.ActiveCfg = Release|Any CPU
		{567A8492-8BF1-4C4B-88CB-4CE1D2CDFF65}.Release|ARM.Build.0 = Release|Any CPU
		{567A8492-8BF1-4C4B-88CB-4CE1D2CDFF65}.Release|x64.ActiveCfg = Release|Any CPU
		{567A8492-8BF1-4C4B-88CB-4CE1D2CDFF65}.Release|x64.Build.0 = Release|Any CPU
		{567A8492-8BF1-4C4B-88CB-4CE1D2CDFF65}.Release|x86.ActiveCfg = Release|Any CPU
		{567A8492-8BF1-4C4B-88CB-4CE1D2CDFF65}.Release|x86.Build.0 = Release|Any CPU
		{567A8492-8BF1-4C4B-88CB-4CE1D2CDFF65}.Steam|Any CPU.ActiveCfg = Release|Any CPU
		{567A8492-8BF1-4C4B-88CB-4CE1D2CDFF65}.Steam|Any CPU.Build.0 = Release|Any CPU
		{567A8492-8BF1-4C4B-88CB-4CE1D2CDFF65}.Steam|ARM.ActiveCfg = Release|Any CPU
		{567A8492-8BF1-4C4B-88CB-4CE1D2CDFF65}.Steam|ARM.Build.0 = Release|Any CPU
		{567A8492-8BF1-4C4B-88CB-4CE1D2CDFF65}.Steam|x64.ActiveCfg = Release|Any CPU
		{567A8492-8BF1-4C4B-88CB-4CE1D2CDFF65}.Steam|x64.Build.0 = Release|Any CPU
		{567A8492-8BF1-4C4B-88CB-4CE1D2CDFF65}.Steam|x86.ActiveCfg = Release|Any CPU
		{567A8492-8BF1-4C4B-88CB-4CE1D2CDFF65}.Steam|x86.Build.0 = Release|Any CPU
		{EA6DF3D9-6DAC-4104-BF14-059DC9E9AA8A}.Debug|Any CPU.ActiveCfg = Debug|Any CPU
		{EA6DF3D9-6DAC-4104-BF14-059DC9E9AA8A}.Debug|Any CPU.Build.0 = Debug|Any CPU
		{EA6DF3D9-6DAC-4104-BF14-059DC9E9AA8A}.Debug|ARM.ActiveCfg = Debug|Any CPU
		{EA6DF3D9-6DAC-4104-BF14-059DC9E9AA8A}.Debug|ARM.Build.0 = Debug|Any CPU
		{EA6DF3D9-6DAC-4104-BF14-059DC9E9AA8A}.Debug|x64.ActiveCfg = Debug|Any CPU
		{EA6DF3D9-6DAC-4104-BF14-059DC9E9AA8A}.Debug|x64.Build.0 = Debug|Any CPU
		{EA6DF3D9-6DAC-4104-BF14-059DC9E9AA8A}.Debug|x86.ActiveCfg = Debug|Any CPU
		{EA6DF3D9-6DAC-4104-BF14-059DC9E9AA8A}.Debug|x86.Build.0 = Debug|Any CPU
		{EA6DF3D9-6DAC-4104-BF14-059DC9E9AA8A}.Release|Any CPU.ActiveCfg = Release|Any CPU
		{EA6DF3D9-6DAC-4104-BF14-059DC9E9AA8A}.Release|Any CPU.Build.0 = Release|Any CPU
		{EA6DF3D9-6DAC-4104-BF14-059DC9E9AA8A}.Release|ARM.ActiveCfg = Release|Any CPU
		{EA6DF3D9-6DAC-4104-BF14-059DC9E9AA8A}.Release|ARM.Build.0 = Release|Any CPU
		{EA6DF3D9-6DAC-4104-BF14-059DC9E9AA8A}.Release|x64.ActiveCfg = Release|Any CPU
		{EA6DF3D9-6DAC-4104-BF14-059DC9E9AA8A}.Release|x64.Build.0 = Release|Any CPU
		{EA6DF3D9-6DAC-4104-BF14-059DC9E9AA8A}.Release|x86.ActiveCfg = Release|Any CPU
		{EA6DF3D9-6DAC-4104-BF14-059DC9E9AA8A}.Release|x86.Build.0 = Release|Any CPU
		{EA6DF3D9-6DAC-4104-BF14-059DC9E9AA8A}.Steam|Any CPU.ActiveCfg = Release|Any CPU
		{EA6DF3D9-6DAC-4104-BF14-059DC9E9AA8A}.Steam|Any CPU.Build.0 = Release|Any CPU
		{EA6DF3D9-6DAC-4104-BF14-059DC9E9AA8A}.Steam|ARM.ActiveCfg = Release|Any CPU
		{EA6DF3D9-6DAC-4104-BF14-059DC9E9AA8A}.Steam|ARM.Build.0 = Release|Any CPU
		{EA6DF3D9-6DAC-4104-BF14-059DC9E9AA8A}.Steam|x64.ActiveCfg = Release|Any CPU
		{EA6DF3D9-6DAC-4104-BF14-059DC9E9AA8A}.Steam|x64.Build.0 = Release|Any CPU
		{EA6DF3D9-6DAC-4104-BF14-059DC9E9AA8A}.Steam|x86.ActiveCfg = Release|Any CPU
		{EA6DF3D9-6DAC-4104-BF14-059DC9E9AA8A}.Steam|x86.Build.0 = Release|Any CPU
		{750C6F46-2C5A-4488-81D3-3B35CA50F3EE}.Debug|Any CPU.ActiveCfg = Debug|Any CPU
		{750C6F46-2C5A-4488-81D3-3B35CA50F3EE}.Debug|Any CPU.Build.0 = Debug|Any CPU
		{750C6F46-2C5A-4488-81D3-3B35CA50F3EE}.Debug|ARM.ActiveCfg = Debug|Any CPU
		{750C6F46-2C5A-4488-81D3-3B35CA50F3EE}.Debug|ARM.Build.0 = Debug|Any CPU
		{750C6F46-2C5A-4488-81D3-3B35CA50F3EE}.Debug|x64.ActiveCfg = Debug|Any CPU
		{750C6F46-2C5A-4488-81D3-3B35CA50F3EE}.Debug|x64.Build.0 = Debug|Any CPU
		{750C6F46-2C5A-4488-81D3-3B35CA50F3EE}.Debug|x86.ActiveCfg = Debug|Any CPU
		{750C6F46-2C5A-4488-81D3-3B35CA50F3EE}.Debug|x86.Build.0 = Debug|Any CPU
		{750C6F46-2C5A-4488-81D3-3B35CA50F3EE}.Release|Any CPU.ActiveCfg = Release|Any CPU
		{750C6F46-2C5A-4488-81D3-3B35CA50F3EE}.Release|Any CPU.Build.0 = Release|Any CPU
		{750C6F46-2C5A-4488-81D3-3B35CA50F3EE}.Release|ARM.ActiveCfg = Release|Any CPU
		{750C6F46-2C5A-4488-81D3-3B35CA50F3EE}.Release|ARM.Build.0 = Release|Any CPU
		{750C6F46-2C5A-4488-81D3-3B35CA50F3EE}.Release|x64.ActiveCfg = Release|Any CPU
		{750C6F46-2C5A-4488-81D3-3B35CA50F3EE}.Release|x64.Build.0 = Release|Any CPU
		{750C6F46-2C5A-4488-81D3-3B35CA50F3EE}.Release|x86.ActiveCfg = Release|Any CPU
		{750C6F46-2C5A-4488-81D3-3B35CA50F3EE}.Release|x86.Build.0 = Release|Any CPU
		{750C6F46-2C5A-4488-81D3-3B35CA50F3EE}.Steam|Any CPU.ActiveCfg = Steam|Any CPU
		{750C6F46-2C5A-4488-81D3-3B35CA50F3EE}.Steam|Any CPU.Build.0 = Steam|Any CPU
		{750C6F46-2C5A-4488-81D3-3B35CA50F3EE}.Steam|ARM.ActiveCfg = Steam|Any CPU
		{750C6F46-2C5A-4488-81D3-3B35CA50F3EE}.Steam|ARM.Build.0 = Steam|Any CPU
		{750C6F46-2C5A-4488-81D3-3B35CA50F3EE}.Steam|x64.ActiveCfg = Steam|Any CPU
		{750C6F46-2C5A-4488-81D3-3B35CA50F3EE}.Steam|x64.Build.0 = Steam|Any CPU
		{750C6F46-2C5A-4488-81D3-3B35CA50F3EE}.Steam|x86.ActiveCfg = Steam|Any CPU
		{750C6F46-2C5A-4488-81D3-3B35CA50F3EE}.Steam|x86.Build.0 = Steam|Any CPU
		{11503B8F-5D23-414A-83AC-30D8EDDC8135}.Debug|Any CPU.ActiveCfg = Debug|Any CPU
		{11503B8F-5D23-414A-83AC-30D8EDDC8135}.Debug|Any CPU.Build.0 = Debug|Any CPU
		{11503B8F-5D23-414A-83AC-30D8EDDC8135}.Debug|ARM.ActiveCfg = Debug|Any CPU
		{11503B8F-5D23-414A-83AC-30D8EDDC8135}.Debug|ARM.Build.0 = Debug|Any CPU
		{11503B8F-5D23-414A-83AC-30D8EDDC8135}.Debug|x64.ActiveCfg = Debug|Any CPU
		{11503B8F-5D23-414A-83AC-30D8EDDC8135}.Debug|x64.Build.0 = Debug|Any CPU
		{11503B8F-5D23-414A-83AC-30D8EDDC8135}.Debug|x86.ActiveCfg = Debug|Any CPU
		{11503B8F-5D23-414A-83AC-30D8EDDC8135}.Debug|x86.Build.0 = Debug|Any CPU
		{11503B8F-5D23-414A-83AC-30D8EDDC8135}.Release|Any CPU.ActiveCfg = Release|Any CPU
		{11503B8F-5D23-414A-83AC-30D8EDDC8135}.Release|Any CPU.Build.0 = Release|Any CPU
		{11503B8F-5D23-414A-83AC-30D8EDDC8135}.Release|ARM.ActiveCfg = Release|Any CPU
		{11503B8F-5D23-414A-83AC-30D8EDDC8135}.Release|ARM.Build.0 = Release|Any CPU
		{11503B8F-5D23-414A-83AC-30D8EDDC8135}.Release|x64.ActiveCfg = Release|Any CPU
		{11503B8F-5D23-414A-83AC-30D8EDDC8135}.Release|x64.Build.0 = Release|Any CPU
		{11503B8F-5D23-414A-83AC-30D8EDDC8135}.Release|x86.ActiveCfg = Release|Any CPU
		{11503B8F-5D23-414A-83AC-30D8EDDC8135}.Release|x86.Build.0 = Release|Any CPU
		{11503B8F-5D23-414A-83AC-30D8EDDC8135}.Steam|Any CPU.ActiveCfg = Release|Any CPU
		{11503B8F-5D23-414A-83AC-30D8EDDC8135}.Steam|Any CPU.Build.0 = Release|Any CPU
		{11503B8F-5D23-414A-83AC-30D8EDDC8135}.Steam|ARM.ActiveCfg = Release|Any CPU
		{11503B8F-5D23-414A-83AC-30D8EDDC8135}.Steam|ARM.Build.0 = Release|Any CPU
		{11503B8F-5D23-414A-83AC-30D8EDDC8135}.Steam|x64.ActiveCfg = Release|Any CPU
		{11503B8F-5D23-414A-83AC-30D8EDDC8135}.Steam|x64.Build.0 = Release|Any CPU
		{11503B8F-5D23-414A-83AC-30D8EDDC8135}.Steam|x86.ActiveCfg = Release|Any CPU
		{11503B8F-5D23-414A-83AC-30D8EDDC8135}.Steam|x86.Build.0 = Release|Any CPU
	EndGlobalSection
	GlobalSection(SolutionProperties) = preSolution
		HideSolutionNode = FALSE
	EndGlobalSection
EndGlobal
